// !$*UTF8*$!
{
	archiveVersion = 1;
	classes = {
	};
	objectVersion = 46;
	objects = {

/* Begin PBXBuildFile section */
		88004F8C1EF863D500E48E12 /* search.c in Sources */ = {isa = PBXBuildFile; fileRef = 88004F8A1EF863D500E48E12 /* search.c */; };
		88004F8D1EF863DA00E48E12 /* search.c in Sources */ = {isa = PBXBuildFile; fileRef = 88004F8A1EF863D500E48E12 /* search.c */; };
		88035D4B1FACBFF900B2627F /* char.c in Sources */ = {isa = PBXBuildFile; fileRef = 88035D3D1FACBFF800B2627F /* char.c */; };
		88035D4C1FACBFF900B2627F /* normalize.c in Sources */ = {isa = PBXBuildFile; fileRef = 88035D3E1FACBFF800B2627F /* normalize.c */; };
		88035D4D1FACBFF900B2627F /* text.c in Sources */ = {isa = PBXBuildFile; fileRef = 88035D3F1FACBFF800B2627F /* text.c */; };
		88035D4E1FACBFF900B2627F /* textiter.c in Sources */ = {isa = PBXBuildFile; fileRef = 88035D401FACBFF800B2627F /* textiter.c */; };
		88035D4F1FACBFF900B2627F /* error.c in Sources */ = {isa = PBXBuildFile; fileRef = 88035D411FACBFF800B2627F /* error.c */; };
		88035D501FACBFF900B2627F /* escape.c in Sources */ = {isa = PBXBuildFile; fileRef = 88035D421FACBFF800B2627F /* escape.c */; };
		88035D511FACBFF900B2627F /* textmap.c in Sources */ = {isa = PBXBuildFile; fileRef = 88035D431FACBFF800B2627F /* textmap.c */; };
		88035D521FACBFF900B2627F /* encode.c in Sources */ = {isa = PBXBuildFile; fileRef = 88035D441FACBFF900B2627F /* encode.c */; };
		88035D531FACBFF900B2627F /* render.c in Sources */ = {isa = PBXBuildFile; fileRef = 88035D451FACBFF900B2627F /* render.c */; };
		88035D541FACBFF900B2627F /* graphscan.c in Sources */ = {isa = PBXBuildFile; fileRef = 88035D461FACBFF900B2627F /* graphscan.c */; };
		88035D551FACBFF900B2627F /* graph.c in Sources */ = {isa = PBXBuildFile; fileRef = 88035D471FACBFF900B2627F /* graph.c */; };
		88035D561FACBFF900B2627F /* textassign.c in Sources */ = {isa = PBXBuildFile; fileRef = 88035D481FACBFF900B2627F /* textassign.c */; };
		88035D571FACBFF900B2627F /* array.c in Sources */ = {isa = PBXBuildFile; fileRef = 88035D491FACBFF900B2627F /* array.c */; };
		88035D581FACBFFE00B2627F /* array.c in Sources */ = {isa = PBXBuildFile; fileRef = 88035D491FACBFF900B2627F /* array.c */; };
		88035D591FACBFFE00B2627F /* char.c in Sources */ = {isa = PBXBuildFile; fileRef = 88035D3D1FACBFF800B2627F /* char.c */; };
		88035D5A1FACBFFE00B2627F /* encode.c in Sources */ = {isa = PBXBuildFile; fileRef = 88035D441FACBFF900B2627F /* encode.c */; };
		88035D5B1FACBFFE00B2627F /* error.c in Sources */ = {isa = PBXBuildFile; fileRef = 88035D411FACBFF800B2627F /* error.c */; };
		88035D5C1FACBFFE00B2627F /* escape.c in Sources */ = {isa = PBXBuildFile; fileRef = 88035D421FACBFF800B2627F /* escape.c */; };
		88035D5D1FACBFFE00B2627F /* graph.c in Sources */ = {isa = PBXBuildFile; fileRef = 88035D471FACBFF900B2627F /* graph.c */; };
		88035D5E1FACBFFE00B2627F /* graphscan.c in Sources */ = {isa = PBXBuildFile; fileRef = 88035D461FACBFF900B2627F /* graphscan.c */; };
		88035D5F1FACBFFE00B2627F /* normalize.c in Sources */ = {isa = PBXBuildFile; fileRef = 88035D3E1FACBFF800B2627F /* normalize.c */; };
		88035D601FACBFFE00B2627F /* render.c in Sources */ = {isa = PBXBuildFile; fileRef = 88035D451FACBFF900B2627F /* render.c */; };
		88035D611FACBFFE00B2627F /* text.c in Sources */ = {isa = PBXBuildFile; fileRef = 88035D3F1FACBFF800B2627F /* text.c */; };
		88035D621FACBFFE00B2627F /* textassign.c in Sources */ = {isa = PBXBuildFile; fileRef = 88035D481FACBFF900B2627F /* textassign.c */; };
		88035D631FACBFFE00B2627F /* textiter.c in Sources */ = {isa = PBXBuildFile; fileRef = 88035D401FACBFF800B2627F /* textiter.c */; };
		88035D641FACBFFE00B2627F /* textmap.c in Sources */ = {isa = PBXBuildFile; fileRef = 88035D431FACBFF800B2627F /* textmap.c */; };
		88035D6D1FACC06000B2627F /* check_filter.c in Sources */ = {isa = PBXBuildFile; fileRef = 881512741ED31D1A00E974F1 /* check_filter.c */; };
		8833A7B81F3261F70041B5DE /* stem.c in Sources */ = {isa = PBXBuildFile; fileRef = 8833A7B61F3261F70041B5DE /* stem.c */; };
		8833A7B91F3262070041B5DE /* stem.c in Sources */ = {isa = PBXBuildFile; fileRef = 8833A7B61F3261F70041B5DE /* stem.c */; };
		88341EA01EE09E2D0054BCCE /* ngram.c in Sources */ = {isa = PBXBuildFile; fileRef = 88341E9E1EE09E2D0054BCCE /* ngram.c */; };
		88351CE71E8DB64F001DA3A8 /* array.c in Sources */ = {isa = PBXBuildFile; fileRef = 88351CD41E8DB64F001DA3A8 /* array.c */; };
		88351CE91E8DB64F001DA3A8 /* filebuf.c in Sources */ = {isa = PBXBuildFile; fileRef = 88351CD91E8DB64F001DA3A8 /* filebuf.c */; };
		88351CEA1E8DB64F001DA3A8 /* symtab.c in Sources */ = {isa = PBXBuildFile; fileRef = 88351CDB1E8DB64F001DA3A8 /* symtab.c */; };
		88351CEB1E8DB64F001DA3A8 /* table.c in Sources */ = {isa = PBXBuildFile; fileRef = 88351CDD1E8DB64F001DA3A8 /* table.c */; };
		884A369C1E8EE3DF00465CE7 /* data.c in Sources */ = {isa = PBXBuildFile; fileRef = 884A36971E8EE3DF00465CE7 /* data.c */; };
		884A369D1E8EE3DF00465CE7 /* main.c in Sources */ = {isa = PBXBuildFile; fileRef = 884A36991E8EE3DF00465CE7 /* main.c */; };
		884F5CAD1EBA67EE00DA1C24 /* census.c in Sources */ = {isa = PBXBuildFile; fileRef = 884F5CAB1EBA67ED00DA1C24 /* census.c */; };
		88548A691ECE62F80063254E /* filter.c in Sources */ = {isa = PBXBuildFile; fileRef = 88548A631ECE62F80063254E /* filter.c */; };
		88548A6A1ECE62F80063254E /* textset.c in Sources */ = {isa = PBXBuildFile; fileRef = 88548A651ECE62F80063254E /* textset.c */; };
		88548A6C1ECE62FC0063254E /* filter.c in Sources */ = {isa = PBXBuildFile; fileRef = 88548A631ECE62F80063254E /* filter.c */; };
		88548A6D1ECE63010063254E /* textset.c in Sources */ = {isa = PBXBuildFile; fileRef = 88548A651ECE62F80063254E /* textset.c */; };
		88548A711ECF5BAA0063254E /* tree.c in Sources */ = {isa = PBXBuildFile; fileRef = 88548A6F1ECF5BAA0063254E /* tree.c */; };
		88548A721ECF5BBE0063254E /* tree.c in Sources */ = {isa = PBXBuildFile; fileRef = 88548A6F1ECF5BAA0063254E /* tree.c */; };
		88548A781ECF5CDF0063254E /* memory.c in Sources */ = {isa = PBXBuildFile; fileRef = 88E48C9B1EC76E17007F5449 /* memory.c */; };
		886533651E958CA60089FD91 /* wordscan.c in Sources */ = {isa = PBXBuildFile; fileRef = 886533631E958CA60089FD91 /* wordscan.c */; };
		886D7CCE1ED32C5E00566B7B /* census.c in Sources */ = {isa = PBXBuildFile; fileRef = 884F5CAB1EBA67ED00DA1C24 /* census.c */; };
		887D44821EC87CB8001C0E83 /* strntod.c in Sources */ = {isa = PBXBuildFile; fileRef = 887D44811EC87CB8001C0E83 /* strntod.c */; };
		887D44831EC87CC2001C0E83 /* strntod.c in Sources */ = {isa = PBXBuildFile; fileRef = 887D44811EC87CB8001C0E83 /* strntod.c */; };
		88B565BD1E96D4CE00FC9AEF /* main_get.c in Sources */ = {isa = PBXBuildFile; fileRef = 88B565B81E96D4CE00FC9AEF /* main_get.c */; };
		88B565BE1E96D4CE00FC9AEF /* main_scan.c in Sources */ = {isa = PBXBuildFile; fileRef = 88B565B91E96D4CE00FC9AEF /* main_scan.c */; };
		88B565BF1E96D4CE00FC9AEF /* main_tokens.c in Sources */ = {isa = PBXBuildFile; fileRef = 88B565BA1E96D4CE00FC9AEF /* main_tokens.c */; };
		88B565C01E96D4CE00FC9AEF /* sentscan.c in Sources */ = {isa = PBXBuildFile; fileRef = 88B565BB1E96D4CE00FC9AEF /* sentscan.c */; };
		88CB30DE1EDDA5BB000007DE /* sentfilter.c in Sources */ = {isa = PBXBuildFile; fileRef = 88CB30DC1EDDA5BB000007DE /* sentfilter.c */; };
		88CB30DF1EDDA5CE000007DE /* sentfilter.c in Sources */ = {isa = PBXBuildFile; fileRef = 88CB30DC1EDDA5BB000007DE /* sentfilter.c */; };
		88CD84251EBB7F4A00DF50CB /* libstemmer_utf8.c in Sources */ = {isa = PBXBuildFile; fileRef = 88CD84241EBB7F4A00DF50CB /* libstemmer_utf8.c */; };
		88CD842A1EBB7F6000DF50CB /* api.c in Sources */ = {isa = PBXBuildFile; fileRef = 88CD84261EBB7F6000DF50CB /* api.c */; };
		88CD842B1EBB7F6000DF50CB /* utilities.c in Sources */ = {isa = PBXBuildFile; fileRef = 88CD84291EBB7F6000DF50CB /* utilities.c */; };
		88CD84501EBB7FA000DF50CB /* stem_UTF_8_arabic.c in Sources */ = {isa = PBXBuildFile; fileRef = 88CD842C1EBB7FA000DF50CB /* stem_UTF_8_arabic.c */; };
		88CD84511EBB7FA000DF50CB /* stem_UTF_8_danish.c in Sources */ = {isa = PBXBuildFile; fileRef = 88CD842E1EBB7FA000DF50CB /* stem_UTF_8_danish.c */; };
		88CD84521EBB7FA000DF50CB /* stem_UTF_8_dutch.c in Sources */ = {isa = PBXBuildFile; fileRef = 88CD84301EBB7FA000DF50CB /* stem_UTF_8_dutch.c */; };
		88CD84531EBB7FA000DF50CB /* stem_UTF_8_english.c in Sources */ = {isa = PBXBuildFile; fileRef = 88CD84321EBB7FA000DF50CB /* stem_UTF_8_english.c */; };
		88CD84541EBB7FA000DF50CB /* stem_UTF_8_finnish.c in Sources */ = {isa = PBXBuildFile; fileRef = 88CD84341EBB7FA000DF50CB /* stem_UTF_8_finnish.c */; };
		88CD84551EBB7FA000DF50CB /* stem_UTF_8_french.c in Sources */ = {isa = PBXBuildFile; fileRef = 88CD84361EBB7FA000DF50CB /* stem_UTF_8_french.c */; };
		88CD84561EBB7FA000DF50CB /* stem_UTF_8_german.c in Sources */ = {isa = PBXBuildFile; fileRef = 88CD84381EBB7FA000DF50CB /* stem_UTF_8_german.c */; };
		88CD84571EBB7FA000DF50CB /* stem_UTF_8_hungarian.c in Sources */ = {isa = PBXBuildFile; fileRef = 88CD843A1EBB7FA000DF50CB /* stem_UTF_8_hungarian.c */; };
		88CD84581EBB7FA000DF50CB /* stem_UTF_8_italian.c in Sources */ = {isa = PBXBuildFile; fileRef = 88CD843C1EBB7FA000DF50CB /* stem_UTF_8_italian.c */; };
		88CD84591EBB7FA000DF50CB /* stem_UTF_8_norwegian.c in Sources */ = {isa = PBXBuildFile; fileRef = 88CD843E1EBB7FA000DF50CB /* stem_UTF_8_norwegian.c */; };
		88CD845A1EBB7FA000DF50CB /* stem_UTF_8_porter.c in Sources */ = {isa = PBXBuildFile; fileRef = 88CD84401EBB7FA000DF50CB /* stem_UTF_8_porter.c */; };
		88CD845B1EBB7FA000DF50CB /* stem_UTF_8_portuguese.c in Sources */ = {isa = PBXBuildFile; fileRef = 88CD84421EBB7FA000DF50CB /* stem_UTF_8_portuguese.c */; };
		88CD845C1EBB7FA000DF50CB /* stem_UTF_8_romanian.c in Sources */ = {isa = PBXBuildFile; fileRef = 88CD84441EBB7FA000DF50CB /* stem_UTF_8_romanian.c */; };
		88CD845D1EBB7FA000DF50CB /* stem_UTF_8_russian.c in Sources */ = {isa = PBXBuildFile; fileRef = 88CD84461EBB7FA000DF50CB /* stem_UTF_8_russian.c */; };
		88CD845E1EBB7FA000DF50CB /* stem_UTF_8_spanish.c in Sources */ = {isa = PBXBuildFile; fileRef = 88CD84481EBB7FA000DF50CB /* stem_UTF_8_spanish.c */; };
		88CD845F1EBB7FA000DF50CB /* stem_UTF_8_swedish.c in Sources */ = {isa = PBXBuildFile; fileRef = 88CD844A1EBB7FA000DF50CB /* stem_UTF_8_swedish.c */; };
		88CD84601EBB7FA000DF50CB /* stem_UTF_8_tamil.c in Sources */ = {isa = PBXBuildFile; fileRef = 88CD844C1EBB7FA000DF50CB /* stem_UTF_8_tamil.c */; };
		88CD84611EBB7FA000DF50CB /* stem_UTF_8_turkish.c in Sources */ = {isa = PBXBuildFile; fileRef = 88CD844E1EBB7FA000DF50CB /* stem_UTF_8_turkish.c */; };
		88CD84621EBB7FAD00DF50CB /* libstemmer_utf8.c in Sources */ = {isa = PBXBuildFile; fileRef = 88CD84241EBB7F4A00DF50CB /* libstemmer_utf8.c */; };
		88CD84631EBB7FB000DF50CB /* api.c in Sources */ = {isa = PBXBuildFile; fileRef = 88CD84261EBB7F6000DF50CB /* api.c */; };
		88CD84641EBB7FB400DF50CB /* utilities.c in Sources */ = {isa = PBXBuildFile; fileRef = 88CD84291EBB7F6000DF50CB /* utilities.c */; };
		88CD84651EBB7FCA00DF50CB /* stem_UTF_8_arabic.c in Sources */ = {isa = PBXBuildFile; fileRef = 88CD842C1EBB7FA000DF50CB /* stem_UTF_8_arabic.c */; };
		88CD84661EBB7FCA00DF50CB /* stem_UTF_8_danish.c in Sources */ = {isa = PBXBuildFile; fileRef = 88CD842E1EBB7FA000DF50CB /* stem_UTF_8_danish.c */; };
		88CD84671EBB7FCA00DF50CB /* stem_UTF_8_dutch.c in Sources */ = {isa = PBXBuildFile; fileRef = 88CD84301EBB7FA000DF50CB /* stem_UTF_8_dutch.c */; };
		88CD84681EBB7FCA00DF50CB /* stem_UTF_8_english.c in Sources */ = {isa = PBXBuildFile; fileRef = 88CD84321EBB7FA000DF50CB /* stem_UTF_8_english.c */; };
		88CD84691EBB7FCA00DF50CB /* stem_UTF_8_finnish.c in Sources */ = {isa = PBXBuildFile; fileRef = 88CD84341EBB7FA000DF50CB /* stem_UTF_8_finnish.c */; };
		88CD846A1EBB7FCA00DF50CB /* stem_UTF_8_french.c in Sources */ = {isa = PBXBuildFile; fileRef = 88CD84361EBB7FA000DF50CB /* stem_UTF_8_french.c */; };
		88CD846B1EBB7FCA00DF50CB /* stem_UTF_8_german.c in Sources */ = {isa = PBXBuildFile; fileRef = 88CD84381EBB7FA000DF50CB /* stem_UTF_8_german.c */; };
		88CD846C1EBB7FCA00DF50CB /* stem_UTF_8_hungarian.c in Sources */ = {isa = PBXBuildFile; fileRef = 88CD843A1EBB7FA000DF50CB /* stem_UTF_8_hungarian.c */; };
		88CD846D1EBB7FCA00DF50CB /* stem_UTF_8_italian.c in Sources */ = {isa = PBXBuildFile; fileRef = 88CD843C1EBB7FA000DF50CB /* stem_UTF_8_italian.c */; };
		88CD846E1EBB7FCA00DF50CB /* stem_UTF_8_norwegian.c in Sources */ = {isa = PBXBuildFile; fileRef = 88CD843E1EBB7FA000DF50CB /* stem_UTF_8_norwegian.c */; };
		88CD846F1EBB7FCA00DF50CB /* stem_UTF_8_porter.c in Sources */ = {isa = PBXBuildFile; fileRef = 88CD84401EBB7FA000DF50CB /* stem_UTF_8_porter.c */; };
		88CD84701EBB7FCA00DF50CB /* stem_UTF_8_portuguese.c in Sources */ = {isa = PBXBuildFile; fileRef = 88CD84421EBB7FA000DF50CB /* stem_UTF_8_portuguese.c */; };
		88CD84711EBB7FCA00DF50CB /* stem_UTF_8_romanian.c in Sources */ = {isa = PBXBuildFile; fileRef = 88CD84441EBB7FA000DF50CB /* stem_UTF_8_romanian.c */; };
		88CD84721EBB7FCA00DF50CB /* stem_UTF_8_russian.c in Sources */ = {isa = PBXBuildFile; fileRef = 88CD84461EBB7FA000DF50CB /* stem_UTF_8_russian.c */; };
		88CD84731EBB7FCA00DF50CB /* stem_UTF_8_spanish.c in Sources */ = {isa = PBXBuildFile; fileRef = 88CD84481EBB7FA000DF50CB /* stem_UTF_8_spanish.c */; };
		88CD84741EBB7FCA00DF50CB /* stem_UTF_8_swedish.c in Sources */ = {isa = PBXBuildFile; fileRef = 88CD844A1EBB7FA000DF50CB /* stem_UTF_8_swedish.c */; };
		88CD84751EBB7FCA00DF50CB /* stem_UTF_8_tamil.c in Sources */ = {isa = PBXBuildFile; fileRef = 88CD844C1EBB7FA000DF50CB /* stem_UTF_8_tamil.c */; };
		88CD84761EBB7FCA00DF50CB /* stem_UTF_8_turkish.c in Sources */ = {isa = PBXBuildFile; fileRef = 88CD844E1EBB7FA000DF50CB /* stem_UTF_8_turkish.c */; };
		88D5CC6C1EE2199800F9C36A /* main_ngrams.c in Sources */ = {isa = PBXBuildFile; fileRef = 88D5CC6B1EE2199800F9C36A /* main_ngrams.c */; };
		88D5CC6F1EE219B400F9C36A /* termset.c in Sources */ = {isa = PBXBuildFile; fileRef = 88D5CC6D1EE219B300F9C36A /* termset.c */; };
		88D5CC701EE219C700F9C36A /* termset.c in Sources */ = {isa = PBXBuildFile; fileRef = 88D5CC6D1EE219B300F9C36A /* termset.c */; };
		88E48C9D1EC76E17007F5449 /* memory.c in Sources */ = {isa = PBXBuildFile; fileRef = 88E48C9B1EC76E17007F5449 /* memory.c */; };
		88EA69C91EAF923D00D57BEB /* error.c in Sources */ = {isa = PBXBuildFile; fileRef = 88EA69C41EAF923D00D57BEB /* error.c */; };
		88EA69CA1EAF923D00D57BEB /* main_sentences.c in Sources */ = {isa = PBXBuildFile; fileRef = 88EA69C61EAF923D00D57BEB /* main_sentences.c */; };
		88EA69DA1EAF94C200D57BEB /* array.c in Sources */ = {isa = PBXBuildFile; fileRef = 88351CD41E8DB64F001DA3A8 /* array.c */; };
		88EA69DB1EAF94C500D57BEB /* data.c in Sources */ = {isa = PBXBuildFile; fileRef = 884A36971E8EE3DF00465CE7 /* data.c */; };
		88EA69DC1EAF94C900D57BEB /* datatype.c in Sources */ = {isa = PBXBuildFile; fileRef = 88EE9C7E1E9000A400B1FEBA /* datatype.c */; };
		88EA69DD1EAF94CC00D57BEB /* error.c in Sources */ = {isa = PBXBuildFile; fileRef = 88EA69C41EAF923D00D57BEB /* error.c */; };
		88EA69DE1EAF94D300D57BEB /* filebuf.c in Sources */ = {isa = PBXBuildFile; fileRef = 88351CD91E8DB64F001DA3A8 /* filebuf.c */; };
		88EA69E01EAF94DE00D57BEB /* sentscan.c in Sources */ = {isa = PBXBuildFile; fileRef = 88B565BB1E96D4CE00FC9AEF /* sentscan.c */; };
		88EA69E11EAF94DE00D57BEB /* symtab.c in Sources */ = {isa = PBXBuildFile; fileRef = 88351CDB1E8DB64F001DA3A8 /* symtab.c */; };
		88EA69E21EAF94DE00D57BEB /* table.c in Sources */ = {isa = PBXBuildFile; fileRef = 88351CDD1E8DB64F001DA3A8 /* table.c */; };
		88EA69E61EAF94DE00D57BEB /* wordscan.c in Sources */ = {isa = PBXBuildFile; fileRef = 886533631E958CA60089FD91 /* wordscan.c */; };
		88EA69E81EAF94E400D57BEB /* testutil.c in Sources */ = {isa = PBXBuildFile; fileRef = 88351CF61E8DB6BB001DA3A8 /* testutil.c */; };
		88EA69EA1EAF94F500D57BEB /* strntoimax.c in Sources */ = {isa = PBXBuildFile; fileRef = 88EE9C811E9000BB00B1FEBA /* strntoimax.c */; };
		88EE9C801E9000A400B1FEBA /* datatype.c in Sources */ = {isa = PBXBuildFile; fileRef = 88EE9C7E1E9000A400B1FEBA /* datatype.c */; };
		88EE9C821E9000BB00B1FEBA /* strntoimax.c in Sources */ = {isa = PBXBuildFile; fileRef = 88EE9C811E9000BB00B1FEBA /* strntoimax.c */; };
/* End PBXBuildFile section */

/* Begin PBXCopyFilesBuildPhase section */
		88351CBC1E8DB4CE001DA3A8 /* CopyFiles */ = {
			isa = PBXCopyFilesBuildPhase;
			buildActionMask = 2147483647;
			dstPath = /usr/share/man/man1/;
			dstSubfolderSpec = 0;
			files = (
			);
			runOnlyForDeploymentPostprocessing = 1;
		};
		88EA69CE1EAF943600D57BEB /* CopyFiles */ = {
			isa = PBXCopyFilesBuildPhase;
			buildActionMask = 2147483647;
			dstPath = /usr/share/man/man1/;
			dstSubfolderSpec = 0;
			files = (
			);
			runOnlyForDeploymentPostprocessing = 1;
		};
/* End PBXCopyFilesBuildPhase section */

/* Begin PBXFileReference section */
		88004F8A1EF863D500E48E12 /* search.c */ = {isa = PBXFileReference; fileEncoding = 4; lastKnownFileType = sourcecode.c.c; name = search.c; path = src/search.c; sourceTree = "<group>"; };
		88004F8B1EF863D500E48E12 /* search.h */ = {isa = PBXFileReference; fileEncoding = 4; lastKnownFileType = sourcecode.c.h; name = search.h; path = src/search.h; sourceTree = "<group>"; };
		88004F8E1EF8641B00E48E12 /* check_search.c */ = {isa = PBXFileReference; fileEncoding = 4; lastKnownFileType = sourcecode.c.c; name = check_search.c; path = tests/check_search.c; sourceTree = "<group>"; };
		88035D3D1FACBFF800B2627F /* char.c */ = {isa = PBXFileReference; fileEncoding = 4; lastKnownFileType = sourcecode.c.c; name = char.c; path = lib/utf8lite/src/char.c; sourceTree = "<group>"; };
		88035D3E1FACBFF800B2627F /* normalize.c */ = {isa = PBXFileReference; fileEncoding = 4; lastKnownFileType = sourcecode.c.c; name = normalize.c; path = lib/utf8lite/src/normalize.c; sourceTree = "<group>"; };
		88035D3F1FACBFF800B2627F /* text.c */ = {isa = PBXFileReference; fileEncoding = 4; lastKnownFileType = sourcecode.c.c; name = text.c; path = lib/utf8lite/src/text.c; sourceTree = "<group>"; };
		88035D401FACBFF800B2627F /* textiter.c */ = {isa = PBXFileReference; fileEncoding = 4; lastKnownFileType = sourcecode.c.c; name = textiter.c; path = lib/utf8lite/src/textiter.c; sourceTree = "<group>"; };
		88035D411FACBFF800B2627F /* error.c */ = {isa = PBXFileReference; fileEncoding = 4; lastKnownFileType = sourcecode.c.c; name = error.c; path = lib/utf8lite/src/error.c; sourceTree = "<group>"; };
		88035D421FACBFF800B2627F /* escape.c */ = {isa = PBXFileReference; fileEncoding = 4; lastKnownFileType = sourcecode.c.c; name = escape.c; path = lib/utf8lite/src/escape.c; sourceTree = "<group>"; };
		88035D431FACBFF800B2627F /* textmap.c */ = {isa = PBXFileReference; fileEncoding = 4; lastKnownFileType = sourcecode.c.c; name = textmap.c; path = lib/utf8lite/src/textmap.c; sourceTree = "<group>"; };
		88035D441FACBFF900B2627F /* encode.c */ = {isa = PBXFileReference; fileEncoding = 4; lastKnownFileType = sourcecode.c.c; name = encode.c; path = lib/utf8lite/src/encode.c; sourceTree = "<group>"; };
		88035D451FACBFF900B2627F /* render.c */ = {isa = PBXFileReference; fileEncoding = 4; lastKnownFileType = sourcecode.c.c; name = render.c; path = lib/utf8lite/src/render.c; sourceTree = "<group>"; };
		88035D461FACBFF900B2627F /* graphscan.c */ = {isa = PBXFileReference; fileEncoding = 4; lastKnownFileType = sourcecode.c.c; name = graphscan.c; path = lib/utf8lite/src/graphscan.c; sourceTree = "<group>"; };
		88035D471FACBFF900B2627F /* graph.c */ = {isa = PBXFileReference; fileEncoding = 4; lastKnownFileType = sourcecode.c.c; name = graph.c; path = lib/utf8lite/src/graph.c; sourceTree = "<group>"; };
		88035D481FACBFF900B2627F /* textassign.c */ = {isa = PBXFileReference; fileEncoding = 4; lastKnownFileType = sourcecode.c.c; name = textassign.c; path = lib/utf8lite/src/textassign.c; sourceTree = "<group>"; };
		88035D491FACBFF900B2627F /* array.c */ = {isa = PBXFileReference; fileEncoding = 4; lastKnownFileType = sourcecode.c.c; name = array.c; path = lib/utf8lite/src/array.c; sourceTree = "<group>"; };
		88035D4A1FACBFF900B2627F /* utf8lite.h */ = {isa = PBXFileReference; fileEncoding = 4; lastKnownFileType = sourcecode.c.h; name = utf8lite.h; path = lib/utf8lite/src/utf8lite.h; sourceTree = "<group>"; };
		88035D661FACC02300B2627F /* combining.h */ = {isa = PBXFileReference; fileEncoding = 4; lastKnownFileType = sourcecode.c.h; name = combining.h; path = lib/utf8lite/src/private/combining.h; sourceTree = "<group>"; };
		88035D671FACC02300B2627F /* casefold.h */ = {isa = PBXFileReference; fileEncoding = 4; lastKnownFileType = sourcecode.c.h; name = casefold.h; path = lib/utf8lite/src/private/casefold.h; sourceTree = "<group>"; };
		88035D681FACC02300B2627F /* decompose.h */ = {isa = PBXFileReference; fileEncoding = 4; lastKnownFileType = sourcecode.c.h; name = decompose.h; path = lib/utf8lite/src/private/decompose.h; sourceTree = "<group>"; };
		88035D691FACC02300B2627F /* array.h */ = {isa = PBXFileReference; fileEncoding = 4; lastKnownFileType = sourcecode.c.h; name = array.h; path = lib/utf8lite/src/private/array.h; sourceTree = "<group>"; };
		88035D6A1FACC02400B2627F /* charwidth.h */ = {isa = PBXFileReference; fileEncoding = 4; lastKnownFileType = sourcecode.c.h; name = charwidth.h; path = lib/utf8lite/src/private/charwidth.h; sourceTree = "<group>"; };
		88035D6B1FACC02400B2627F /* graphbreak.h */ = {isa = PBXFileReference; fileEncoding = 4; lastKnownFileType = sourcecode.c.h; name = graphbreak.h; path = lib/utf8lite/src/private/graphbreak.h; sourceTree = "<group>"; };
		88035D6C1FACC02400B2627F /* compose.h */ = {isa = PBXFileReference; fileEncoding = 4; lastKnownFileType = sourcecode.c.h; name = compose.h; path = lib/utf8lite/src/private/compose.h; sourceTree = "<group>"; };
		881512741ED31D1A00E974F1 /* check_filter.c */ = {isa = PBXFileReference; fileEncoding = 4; lastKnownFileType = sourcecode.c.c; name = check_filter.c; path = tests/check_filter.c; sourceTree = "<group>"; };
		882C09151EEB4AF200B90AA2 /* intset.c */ = {isa = PBXFileReference; fileEncoding = 4; lastKnownFileType = sourcecode.c.c; name = intset.c; path = src/intset.c; sourceTree = "<group>"; };
		882C09161EEB4AF200B90AA2 /* intset.h */ = {isa = PBXFileReference; fileEncoding = 4; lastKnownFileType = sourcecode.c.h; name = intset.h; path = src/intset.h; sourceTree = "<group>"; };
		882C09191EEB4B0E00B90AA2 /* check_intset.c */ = {isa = PBXFileReference; fileEncoding = 4; lastKnownFileType = sourcecode.c.c; name = check_intset.c; path = tests/check_intset.c; sourceTree = "<group>"; };
		8833A7B61F3261F70041B5DE /* stem.c */ = {isa = PBXFileReference; fileEncoding = 4; lastKnownFileType = sourcecode.c.c; name = stem.c; path = src/stem.c; sourceTree = "<group>"; };
		8833A7B71F3261F70041B5DE /* stem.h */ = {isa = PBXFileReference; fileEncoding = 4; lastKnownFileType = sourcecode.c.h; name = stem.h; path = src/stem.h; sourceTree = "<group>"; };
		8833A7BA1F3262170041B5DE /* check_stem.c */ = {isa = PBXFileReference; fileEncoding = 4; lastKnownFileType = sourcecode.c.c; name = check_stem.c; path = tests/check_stem.c; sourceTree = "<group>"; };
		88341E9E1EE09E2D0054BCCE /* ngram.c */ = {isa = PBXFileReference; fileEncoding = 4; lastKnownFileType = sourcecode.c.c; name = ngram.c; path = src/ngram.c; sourceTree = "<group>"; };
		88341E9F1EE09E2D0054BCCE /* ngram.h */ = {isa = PBXFileReference; fileEncoding = 4; lastKnownFileType = sourcecode.c.h; name = ngram.h; path = src/ngram.h; sourceTree = "<group>"; };
		88341EA21EE09E440054BCCE /* check_ngram.c */ = {isa = PBXFileReference; fileEncoding = 4; lastKnownFileType = sourcecode.c.c; name = check_ngram.c; path = tests/check_ngram.c; sourceTree = "<group>"; };
		88351CBE1E8DB4CE001DA3A8 /* corpus */ = {isa = PBXFileReference; explicitFileType = "compiled.mach-o.executable"; includeInIndex = 0; path = corpus; sourceTree = BUILT_PRODUCTS_DIR; };
		88351CD41E8DB64F001DA3A8 /* array.c */ = {isa = PBXFileReference; fileEncoding = 4; lastKnownFileType = sourcecode.c.c; name = array.c; path = src/array.c; sourceTree = "<group>"; };
		88351CD51E8DB64F001DA3A8 /* array.h */ = {isa = PBXFileReference; fileEncoding = 4; lastKnownFileType = sourcecode.c.h; name = array.h; path = src/array.h; sourceTree = "<group>"; };
		88351CD91E8DB64F001DA3A8 /* filebuf.c */ = {isa = PBXFileReference; fileEncoding = 4; lastKnownFileType = sourcecode.c.c; name = filebuf.c; path = src/filebuf.c; sourceTree = "<group>"; };
		88351CDA1E8DB64F001DA3A8 /* filebuf.h */ = {isa = PBXFileReference; fileEncoding = 4; lastKnownFileType = sourcecode.c.h; name = filebuf.h; path = src/filebuf.h; sourceTree = "<group>"; };
		88351CDB1E8DB64F001DA3A8 /* symtab.c */ = {isa = PBXFileReference; fileEncoding = 4; lastKnownFileType = sourcecode.c.c; name = symtab.c; path = src/symtab.c; sourceTree = "<group>"; };
		88351CDC1E8DB64F001DA3A8 /* symtab.h */ = {isa = PBXFileReference; fileEncoding = 4; lastKnownFileType = sourcecode.c.h; name = symtab.h; path = src/symtab.h; sourceTree = "<group>"; };
		88351CDD1E8DB64F001DA3A8 /* table.c */ = {isa = PBXFileReference; fileEncoding = 4; lastKnownFileType = sourcecode.c.c; name = table.c; path = src/table.c; sourceTree = "<group>"; };
		88351CDE1E8DB64F001DA3A8 /* table.h */ = {isa = PBXFileReference; fileEncoding = 4; lastKnownFileType = sourcecode.c.h; name = table.h; path = src/table.h; sourceTree = "<group>"; };
		88351CF01E8DB677001DA3A8 /* casefold.h */ = {isa = PBXFileReference; fileEncoding = 4; lastKnownFileType = sourcecode.c.h; name = casefold.h; path = src/unicode/casefold.h; sourceTree = "<group>"; };
		88351CF11E8DB677001DA3A8 /* combining.h */ = {isa = PBXFileReference; fileEncoding = 4; lastKnownFileType = sourcecode.c.h; name = combining.h; path = src/unicode/combining.h; sourceTree = "<group>"; };
		88351CF21E8DB677001DA3A8 /* decompose.h */ = {isa = PBXFileReference; fileEncoding = 4; lastKnownFileType = sourcecode.c.h; name = decompose.h; path = src/unicode/decompose.h; sourceTree = "<group>"; };
		88351CF61E8DB6BB001DA3A8 /* testutil.c */ = {isa = PBXFileReference; fileEncoding = 4; lastKnownFileType = sourcecode.c.c; name = testutil.c; path = tests/testutil.c; sourceTree = "<group>"; };
		88351CF71E8DB6BB001DA3A8 /* testutil.h */ = {isa = PBXFileReference; fileEncoding = 4; lastKnownFileType = sourcecode.c.h; name = testutil.h; path = tests/testutil.h; sourceTree = "<group>"; };
		884A36971E8EE3DF00465CE7 /* data.c */ = {isa = PBXFileReference; fileEncoding = 4; lastKnownFileType = sourcecode.c.c; name = data.c; path = src/data.c; sourceTree = "<group>"; };
		884A36981E8EE3DF00465CE7 /* data.h */ = {isa = PBXFileReference; fileEncoding = 4; lastKnownFileType = sourcecode.c.h; name = data.h; path = src/data.h; sourceTree = "<group>"; };
		884A36991E8EE3DF00465CE7 /* main.c */ = {isa = PBXFileReference; fileEncoding = 4; lastKnownFileType = sourcecode.c.c; name = main.c; path = src/main.c; sourceTree = "<group>"; };
		884F5CAA1EBA67D500DA1C24 /* compose.h */ = {isa = PBXFileReference; fileEncoding = 4; lastKnownFileType = sourcecode.c.h; name = compose.h; path = src/unicode/compose.h; sourceTree = "<group>"; };
		884F5CAB1EBA67ED00DA1C24 /* census.c */ = {isa = PBXFileReference; fileEncoding = 4; lastKnownFileType = sourcecode.c.c; name = census.c; path = src/census.c; sourceTree = "<group>"; };
		884F5CAC1EBA67ED00DA1C24 /* census.h */ = {isa = PBXFileReference; fileEncoding = 4; lastKnownFileType = sourcecode.c.h; name = census.h; path = src/census.h; sourceTree = "<group>"; };
		884F5CAE1EBA680D00DA1C24 /* check_census.c */ = {isa = PBXFileReference; fileEncoding = 4; lastKnownFileType = sourcecode.c.c; name = check_census.c; path = tests/check_census.c; sourceTree = "<group>"; };
		88548A631ECE62F80063254E /* filter.c */ = {isa = PBXFileReference; fileEncoding = 4; lastKnownFileType = sourcecode.c.c; name = filter.c; path = src/filter.c; sourceTree = "<group>"; };
		88548A641ECE62F80063254E /* filter.h */ = {isa = PBXFileReference; fileEncoding = 4; lastKnownFileType = sourcecode.c.h; name = filter.h; path = src/filter.h; sourceTree = "<group>"; };
		88548A651ECE62F80063254E /* textset.c */ = {isa = PBXFileReference; fileEncoding = 4; lastKnownFileType = sourcecode.c.c; name = textset.c; path = src/textset.c; sourceTree = "<group>"; };
		88548A661ECE62F80063254E /* textset.h */ = {isa = PBXFileReference; fileEncoding = 4; lastKnownFileType = sourcecode.c.h; name = textset.h; path = src/textset.h; sourceTree = "<group>"; };
		88548A6F1ECF5BAA0063254E /* tree.c */ = {isa = PBXFileReference; fileEncoding = 4; lastKnownFileType = sourcecode.c.c; name = tree.c; path = src/tree.c; sourceTree = "<group>"; };
		88548A701ECF5BAA0063254E /* tree.h */ = {isa = PBXFileReference; fileEncoding = 4; lastKnownFileType = sourcecode.c.h; name = tree.h; path = src/tree.h; sourceTree = "<group>"; };
		88548A731ECF5BD90063254E /* check_tree.c */ = {isa = PBXFileReference; fileEncoding = 4; lastKnownFileType = sourcecode.c.c; name = check_tree.c; path = tests/check_tree.c; sourceTree = "<group>"; };
		886533631E958CA60089FD91 /* wordscan.c */ = {isa = PBXFileReference; fileEncoding = 4; lastKnownFileType = sourcecode.c.c; name = wordscan.c; path = src/wordscan.c; sourceTree = "<group>"; };
		886533641E958CA60089FD91 /* wordscan.h */ = {isa = PBXFileReference; fileEncoding = 4; lastKnownFileType = sourcecode.c.h; name = wordscan.h; path = src/wordscan.h; sourceTree = "<group>"; };
		886533661E958CB80089FD91 /* wordbreakprop.h */ = {isa = PBXFileReference; fileEncoding = 4; lastKnownFileType = sourcecode.c.h; name = wordbreakprop.h; path = src/unicode/wordbreakprop.h; sourceTree = "<group>"; };
		887D44811EC87CB8001C0E83 /* strntod.c */ = {isa = PBXFileReference; fileEncoding = 4; lastKnownFileType = sourcecode.c.c; name = strntod.c; path = lib/strntod.c; sourceTree = "<group>"; };
		888C91951ECB0C28008D9EEB /* stopwords.h */ = {isa = PBXFileReference; fileEncoding = 4; lastKnownFileType = sourcecode.c.h; name = stopwords.h; path = src/private/stopwords.h; sourceTree = "<group>"; };
		88B565B71E96D4AE00FC9AEF /* sentbreakprop.h */ = {isa = PBXFileReference; fileEncoding = 4; lastKnownFileType = sourcecode.c.h; name = sentbreakprop.h; path = src/unicode/sentbreakprop.h; sourceTree = "<group>"; };
		88B565B81E96D4CE00FC9AEF /* main_get.c */ = {isa = PBXFileReference; fileEncoding = 4; lastKnownFileType = sourcecode.c.c; name = main_get.c; path = src/main_get.c; sourceTree = "<group>"; };
		88B565B91E96D4CE00FC9AEF /* main_scan.c */ = {isa = PBXFileReference; fileEncoding = 4; lastKnownFileType = sourcecode.c.c; name = main_scan.c; path = src/main_scan.c; sourceTree = "<group>"; };
		88B565BA1E96D4CE00FC9AEF /* main_tokens.c */ = {isa = PBXFileReference; fileEncoding = 4; lastKnownFileType = sourcecode.c.c; name = main_tokens.c; path = src/main_tokens.c; sourceTree = "<group>"; };
		88B565BB1E96D4CE00FC9AEF /* sentscan.c */ = {isa = PBXFileReference; fileEncoding = 4; lastKnownFileType = sourcecode.c.c; name = sentscan.c; path = src/sentscan.c; sourceTree = "<group>"; };
		88B565BC1E96D4CE00FC9AEF /* sentscan.h */ = {isa = PBXFileReference; fileEncoding = 4; lastKnownFileType = sourcecode.c.h; name = sentscan.h; path = src/sentscan.h; sourceTree = "<group>"; };
		88CB30DC1EDDA5BB000007DE /* sentfilter.c */ = {isa = PBXFileReference; fileEncoding = 4; lastKnownFileType = sourcecode.c.c; name = sentfilter.c; path = src/sentfilter.c; sourceTree = "<group>"; };
		88CB30DD1EDDA5BB000007DE /* sentfilter.h */ = {isa = PBXFileReference; fileEncoding = 4; lastKnownFileType = sourcecode.c.h; name = sentfilter.h; path = src/sentfilter.h; sourceTree = "<group>"; };
		88CB30E01EDDA5E0000007DE /* check_sentfilter.c */ = {isa = PBXFileReference; fileEncoding = 4; lastKnownFileType = sourcecode.c.c; name = check_sentfilter.c; path = tests/check_sentfilter.c; sourceTree = "<group>"; };
		88CD84231EBB7F3300DF50CB /* libstemmer.h */ = {isa = PBXFileReference; fileEncoding = 4; lastKnownFileType = sourcecode.c.h; name = libstemmer.h; path = lib/libstemmer_c/include/libstemmer.h; sourceTree = "<group>"; };
		88CD84241EBB7F4A00DF50CB /* libstemmer_utf8.c */ = {isa = PBXFileReference; fileEncoding = 4; lastKnownFileType = sourcecode.c.c; name = libstemmer_utf8.c; path = lib/libstemmer_c/libstemmer/libstemmer_utf8.c; sourceTree = "<group>"; };
		88CD84261EBB7F6000DF50CB /* api.c */ = {isa = PBXFileReference; fileEncoding = 4; lastKnownFileType = sourcecode.c.c; name = api.c; path = lib/libstemmer_c/runtime/api.c; sourceTree = "<group>"; };
		88CD84271EBB7F6000DF50CB /* api.h */ = {isa = PBXFileReference; fileEncoding = 4; lastKnownFileType = sourcecode.c.h; name = api.h; path = lib/libstemmer_c/runtime/api.h; sourceTree = "<group>"; };
		88CD84281EBB7F6000DF50CB /* header.h */ = {isa = PBXFileReference; fileEncoding = 4; lastKnownFileType = sourcecode.c.h; name = header.h; path = lib/libstemmer_c/runtime/header.h; sourceTree = "<group>"; };
		88CD84291EBB7F6000DF50CB /* utilities.c */ = {isa = PBXFileReference; fileEncoding = 4; lastKnownFileType = sourcecode.c.c; name = utilities.c; path = lib/libstemmer_c/runtime/utilities.c; sourceTree = "<group>"; };
		88CD842C1EBB7FA000DF50CB /* stem_UTF_8_arabic.c */ = {isa = PBXFileReference; fileEncoding = 4; lastKnownFileType = sourcecode.c.c; name = stem_UTF_8_arabic.c; path = lib/libstemmer_c/src_c/stem_UTF_8_arabic.c; sourceTree = "<group>"; };
		88CD842D1EBB7FA000DF50CB /* stem_UTF_8_arabic.h */ = {isa = PBXFileReference; fileEncoding = 4; lastKnownFileType = sourcecode.c.h; name = stem_UTF_8_arabic.h; path = lib/libstemmer_c/src_c/stem_UTF_8_arabic.h; sourceTree = "<group>"; };
		88CD842E1EBB7FA000DF50CB /* stem_UTF_8_danish.c */ = {isa = PBXFileReference; fileEncoding = 4; lastKnownFileType = sourcecode.c.c; name = stem_UTF_8_danish.c; path = lib/libstemmer_c/src_c/stem_UTF_8_danish.c; sourceTree = "<group>"; };
		88CD842F1EBB7FA000DF50CB /* stem_UTF_8_danish.h */ = {isa = PBXFileReference; fileEncoding = 4; lastKnownFileType = sourcecode.c.h; name = stem_UTF_8_danish.h; path = lib/libstemmer_c/src_c/stem_UTF_8_danish.h; sourceTree = "<group>"; };
		88CD84301EBB7FA000DF50CB /* stem_UTF_8_dutch.c */ = {isa = PBXFileReference; fileEncoding = 4; lastKnownFileType = sourcecode.c.c; name = stem_UTF_8_dutch.c; path = lib/libstemmer_c/src_c/stem_UTF_8_dutch.c; sourceTree = "<group>"; };
		88CD84311EBB7FA000DF50CB /* stem_UTF_8_dutch.h */ = {isa = PBXFileReference; fileEncoding = 4; lastKnownFileType = sourcecode.c.h; name = stem_UTF_8_dutch.h; path = lib/libstemmer_c/src_c/stem_UTF_8_dutch.h; sourceTree = "<group>"; };
		88CD84321EBB7FA000DF50CB /* stem_UTF_8_english.c */ = {isa = PBXFileReference; fileEncoding = 4; lastKnownFileType = sourcecode.c.c; name = stem_UTF_8_english.c; path = lib/libstemmer_c/src_c/stem_UTF_8_english.c; sourceTree = "<group>"; };
		88CD84331EBB7FA000DF50CB /* stem_UTF_8_english.h */ = {isa = PBXFileReference; fileEncoding = 4; lastKnownFileType = sourcecode.c.h; name = stem_UTF_8_english.h; path = lib/libstemmer_c/src_c/stem_UTF_8_english.h; sourceTree = "<group>"; };
		88CD84341EBB7FA000DF50CB /* stem_UTF_8_finnish.c */ = {isa = PBXFileReference; fileEncoding = 4; lastKnownFileType = sourcecode.c.c; name = stem_UTF_8_finnish.c; path = lib/libstemmer_c/src_c/stem_UTF_8_finnish.c; sourceTree = "<group>"; };
		88CD84351EBB7FA000DF50CB /* stem_UTF_8_finnish.h */ = {isa = PBXFileReference; fileEncoding = 4; lastKnownFileType = sourcecode.c.h; name = stem_UTF_8_finnish.h; path = lib/libstemmer_c/src_c/stem_UTF_8_finnish.h; sourceTree = "<group>"; };
		88CD84361EBB7FA000DF50CB /* stem_UTF_8_french.c */ = {isa = PBXFileReference; fileEncoding = 4; lastKnownFileType = sourcecode.c.c; name = stem_UTF_8_french.c; path = lib/libstemmer_c/src_c/stem_UTF_8_french.c; sourceTree = "<group>"; };
		88CD84371EBB7FA000DF50CB /* stem_UTF_8_french.h */ = {isa = PBXFileReference; fileEncoding = 4; lastKnownFileType = sourcecode.c.h; name = stem_UTF_8_french.h; path = lib/libstemmer_c/src_c/stem_UTF_8_french.h; sourceTree = "<group>"; };
		88CD84381EBB7FA000DF50CB /* stem_UTF_8_german.c */ = {isa = PBXFileReference; fileEncoding = 4; lastKnownFileType = sourcecode.c.c; name = stem_UTF_8_german.c; path = lib/libstemmer_c/src_c/stem_UTF_8_german.c; sourceTree = "<group>"; };
		88CD84391EBB7FA000DF50CB /* stem_UTF_8_german.h */ = {isa = PBXFileReference; fileEncoding = 4; lastKnownFileType = sourcecode.c.h; name = stem_UTF_8_german.h; path = lib/libstemmer_c/src_c/stem_UTF_8_german.h; sourceTree = "<group>"; };
		88CD843A1EBB7FA000DF50CB /* stem_UTF_8_hungarian.c */ = {isa = PBXFileReference; fileEncoding = 4; lastKnownFileType = sourcecode.c.c; name = stem_UTF_8_hungarian.c; path = lib/libstemmer_c/src_c/stem_UTF_8_hungarian.c; sourceTree = "<group>"; };
		88CD843B1EBB7FA000DF50CB /* stem_UTF_8_hungarian.h */ = {isa = PBXFileReference; fileEncoding = 4; lastKnownFileType = sourcecode.c.h; name = stem_UTF_8_hungarian.h; path = lib/libstemmer_c/src_c/stem_UTF_8_hungarian.h; sourceTree = "<group>"; };
		88CD843C1EBB7FA000DF50CB /* stem_UTF_8_italian.c */ = {isa = PBXFileReference; fileEncoding = 4; lastKnownFileType = sourcecode.c.c; name = stem_UTF_8_italian.c; path = lib/libstemmer_c/src_c/stem_UTF_8_italian.c; sourceTree = "<group>"; };
		88CD843D1EBB7FA000DF50CB /* stem_UTF_8_italian.h */ = {isa = PBXFileReference; fileEncoding = 4; lastKnownFileType = sourcecode.c.h; name = stem_UTF_8_italian.h; path = lib/libstemmer_c/src_c/stem_UTF_8_italian.h; sourceTree = "<group>"; };
		88CD843E1EBB7FA000DF50CB /* stem_UTF_8_norwegian.c */ = {isa = PBXFileReference; fileEncoding = 4; lastKnownFileType = sourcecode.c.c; name = stem_UTF_8_norwegian.c; path = lib/libstemmer_c/src_c/stem_UTF_8_norwegian.c; sourceTree = "<group>"; };
		88CD843F1EBB7FA000DF50CB /* stem_UTF_8_norwegian.h */ = {isa = PBXFileReference; fileEncoding = 4; lastKnownFileType = sourcecode.c.h; name = stem_UTF_8_norwegian.h; path = lib/libstemmer_c/src_c/stem_UTF_8_norwegian.h; sourceTree = "<group>"; };
		88CD84401EBB7FA000DF50CB /* stem_UTF_8_porter.c */ = {isa = PBXFileReference; fileEncoding = 4; lastKnownFileType = sourcecode.c.c; name = stem_UTF_8_porter.c; path = lib/libstemmer_c/src_c/stem_UTF_8_porter.c; sourceTree = "<group>"; };
		88CD84411EBB7FA000DF50CB /* stem_UTF_8_porter.h */ = {isa = PBXFileReference; fileEncoding = 4; lastKnownFileType = sourcecode.c.h; name = stem_UTF_8_porter.h; path = lib/libstemmer_c/src_c/stem_UTF_8_porter.h; sourceTree = "<group>"; };
		88CD84421EBB7FA000DF50CB /* stem_UTF_8_portuguese.c */ = {isa = PBXFileReference; fileEncoding = 4; lastKnownFileType = sourcecode.c.c; name = stem_UTF_8_portuguese.c; path = lib/libstemmer_c/src_c/stem_UTF_8_portuguese.c; sourceTree = "<group>"; };
		88CD84431EBB7FA000DF50CB /* stem_UTF_8_portuguese.h */ = {isa = PBXFileReference; fileEncoding = 4; lastKnownFileType = sourcecode.c.h; name = stem_UTF_8_portuguese.h; path = lib/libstemmer_c/src_c/stem_UTF_8_portuguese.h; sourceTree = "<group>"; };
		88CD84441EBB7FA000DF50CB /* stem_UTF_8_romanian.c */ = {isa = PBXFileReference; fileEncoding = 4; lastKnownFileType = sourcecode.c.c; name = stem_UTF_8_romanian.c; path = lib/libstemmer_c/src_c/stem_UTF_8_romanian.c; sourceTree = "<group>"; };
		88CD84451EBB7FA000DF50CB /* stem_UTF_8_romanian.h */ = {isa = PBXFileReference; fileEncoding = 4; lastKnownFileType = sourcecode.c.h; name = stem_UTF_8_romanian.h; path = lib/libstemmer_c/src_c/stem_UTF_8_romanian.h; sourceTree = "<group>"; };
		88CD84461EBB7FA000DF50CB /* stem_UTF_8_russian.c */ = {isa = PBXFileReference; fileEncoding = 4; lastKnownFileType = sourcecode.c.c; name = stem_UTF_8_russian.c; path = lib/libstemmer_c/src_c/stem_UTF_8_russian.c; sourceTree = "<group>"; };
		88CD84471EBB7FA000DF50CB /* stem_UTF_8_russian.h */ = {isa = PBXFileReference; fileEncoding = 4; lastKnownFileType = sourcecode.c.h; name = stem_UTF_8_russian.h; path = lib/libstemmer_c/src_c/stem_UTF_8_russian.h; sourceTree = "<group>"; };
		88CD84481EBB7FA000DF50CB /* stem_UTF_8_spanish.c */ = {isa = PBXFileReference; fileEncoding = 4; lastKnownFileType = sourcecode.c.c; name = stem_UTF_8_spanish.c; path = lib/libstemmer_c/src_c/stem_UTF_8_spanish.c; sourceTree = "<group>"; };
		88CD84491EBB7FA000DF50CB /* stem_UTF_8_spanish.h */ = {isa = PBXFileReference; fileEncoding = 4; lastKnownFileType = sourcecode.c.h; name = stem_UTF_8_spanish.h; path = lib/libstemmer_c/src_c/stem_UTF_8_spanish.h; sourceTree = "<group>"; };
		88CD844A1EBB7FA000DF50CB /* stem_UTF_8_swedish.c */ = {isa = PBXFileReference; fileEncoding = 4; lastKnownFileType = sourcecode.c.c; name = stem_UTF_8_swedish.c; path = lib/libstemmer_c/src_c/stem_UTF_8_swedish.c; sourceTree = "<group>"; };
		88CD844B1EBB7FA000DF50CB /* stem_UTF_8_swedish.h */ = {isa = PBXFileReference; fileEncoding = 4; lastKnownFileType = sourcecode.c.h; name = stem_UTF_8_swedish.h; path = lib/libstemmer_c/src_c/stem_UTF_8_swedish.h; sourceTree = "<group>"; };
		88CD844C1EBB7FA000DF50CB /* stem_UTF_8_tamil.c */ = {isa = PBXFileReference; fileEncoding = 4; lastKnownFileType = sourcecode.c.c; name = stem_UTF_8_tamil.c; path = lib/libstemmer_c/src_c/stem_UTF_8_tamil.c; sourceTree = "<group>"; };
		88CD844D1EBB7FA000DF50CB /* stem_UTF_8_tamil.h */ = {isa = PBXFileReference; fileEncoding = 4; lastKnownFileType = sourcecode.c.h; name = stem_UTF_8_tamil.h; path = lib/libstemmer_c/src_c/stem_UTF_8_tamil.h; sourceTree = "<group>"; };
		88CD844E1EBB7FA000DF50CB /* stem_UTF_8_turkish.c */ = {isa = PBXFileReference; fileEncoding = 4; lastKnownFileType = sourcecode.c.c; name = stem_UTF_8_turkish.c; path = lib/libstemmer_c/src_c/stem_UTF_8_turkish.c; sourceTree = "<group>"; };
		88CD844F1EBB7FA000DF50CB /* stem_UTF_8_turkish.h */ = {isa = PBXFileReference; fileEncoding = 4; lastKnownFileType = sourcecode.c.h; name = stem_UTF_8_turkish.h; path = lib/libstemmer_c/src_c/stem_UTF_8_turkish.h; sourceTree = "<group>"; };
		88CD84771EBB800200DF50CB /* modules_utf8.h */ = {isa = PBXFileReference; fileEncoding = 4; lastKnownFileType = sourcecode.c.h; name = modules_utf8.h; path = lib/libstemmer_c/libstemmer/modules_utf8.h; sourceTree = "<group>"; };
		88D5CC6B1EE2199800F9C36A /* main_ngrams.c */ = {isa = PBXFileReference; fileEncoding = 4; lastKnownFileType = sourcecode.c.c; name = main_ngrams.c; path = src/main_ngrams.c; sourceTree = "<group>"; };
		88D5CC6D1EE219B300F9C36A /* termset.c */ = {isa = PBXFileReference; fileEncoding = 4; lastKnownFileType = sourcecode.c.c; name = termset.c; path = src/termset.c; sourceTree = "<group>"; };
		88D5CC6E1EE219B300F9C36A /* termset.h */ = {isa = PBXFileReference; fileEncoding = 4; lastKnownFileType = sourcecode.c.h; name = termset.h; path = src/termset.h; sourceTree = "<group>"; };
		88E15BBC1EFAFF30002E61C8 /* charwidth.h */ = {isa = PBXFileReference; fileEncoding = 4; lastKnownFileType = sourcecode.c.h; name = charwidth.h; path = src/unicode/charwidth.h; sourceTree = "<group>"; };
		88E48C9B1EC76E17007F5449 /* memory.c */ = {isa = PBXFileReference; fileEncoding = 4; lastKnownFileType = sourcecode.c.c; name = memory.c; path = src/memory.c; sourceTree = "<group>"; };
		88E48C9C1EC76E17007F5449 /* memory.h */ = {isa = PBXFileReference; fileEncoding = 4; lastKnownFileType = sourcecode.c.h; name = memory.h; path = src/memory.h; sourceTree = "<group>"; };
		88EA69C41EAF923D00D57BEB /* error.c */ = {isa = PBXFileReference; fileEncoding = 4; lastKnownFileType = sourcecode.c.c; name = error.c; path = src/error.c; sourceTree = "<group>"; };
		88EA69C51EAF923D00D57BEB /* error.h */ = {isa = PBXFileReference; fileEncoding = 4; lastKnownFileType = sourcecode.c.h; name = error.h; path = src/error.h; sourceTree = "<group>"; };
		88EA69C61EAF923D00D57BEB /* main_sentences.c */ = {isa = PBXFileReference; fileEncoding = 4; lastKnownFileType = sourcecode.c.c; name = main_sentences.c; path = src/main_sentences.c; sourceTree = "<group>"; };
		88EA69D01EAF943600D57BEB /* check_corpus */ = {isa = PBXFileReference; explicitFileType = "compiled.mach-o.executable"; includeInIndex = 0; path = check_corpus; sourceTree = BUILT_PRODUCTS_DIR; };
		88EA69D71EAF945300D57BEB /* check_data.c */ = {isa = PBXFileReference; fileEncoding = 4; lastKnownFileType = sourcecode.c.c; name = check_data.c; path = tests/check_data.c; sourceTree = "<group>"; };
		88EA69EB1EAF952D00D57BEB /* check_sentscan.c */ = {isa = PBXFileReference; fileEncoding = 4; lastKnownFileType = sourcecode.c.c; name = check_sentscan.c; path = tests/check_sentscan.c; sourceTree = "<group>"; };
		88EA69EC1EAF952D00D57BEB /* check_symtab.c */ = {isa = PBXFileReference; fileEncoding = 4; lastKnownFileType = sourcecode.c.c; name = check_symtab.c; path = tests/check_symtab.c; sourceTree = "<group>"; };
		88EA69F01EAF952D00D57BEB /* check_wordscan.c */ = {isa = PBXFileReference; fileEncoding = 4; lastKnownFileType = sourcecode.c.c; name = check_wordscan.c; path = tests/check_wordscan.c; sourceTree = "<group>"; };
		88EE9C7E1E9000A400B1FEBA /* datatype.c */ = {isa = PBXFileReference; fileEncoding = 4; lastKnownFileType = sourcecode.c.c; name = datatype.c; path = src/datatype.c; sourceTree = "<group>"; };
		88EE9C7F1E9000A400B1FEBA /* datatype.h */ = {isa = PBXFileReference; fileEncoding = 4; lastKnownFileType = sourcecode.c.h; name = datatype.h; path = src/datatype.h; sourceTree = "<group>"; };
		88EE9C811E9000BB00B1FEBA /* strntoimax.c */ = {isa = PBXFileReference; fileEncoding = 4; lastKnownFileType = sourcecode.c.c; name = strntoimax.c; path = lib/strntoimax.c; sourceTree = "<group>"; };
		88F8659A1EE4823400C5BCA6 /* check_termset.c */ = {isa = PBXFileReference; fileEncoding = 4; lastKnownFileType = sourcecode.c.c; name = check_termset.c; path = tests/check_termset.c; sourceTree = "<group>"; };
/* End PBXFileReference section */

/* Begin PBXFrameworksBuildPhase section */
		88351CBB1E8DB4CE001DA3A8 /* Frameworks */ = {
			isa = PBXFrameworksBuildPhase;
			buildActionMask = 2147483647;
			files = (
			);
			runOnlyForDeploymentPostprocessing = 0;
		};
		88EA69CD1EAF943600D57BEB /* Frameworks */ = {
			isa = PBXFrameworksBuildPhase;
			buildActionMask = 2147483647;
			files = (
			);
			runOnlyForDeploymentPostprocessing = 0;
		};
/* End PBXFrameworksBuildPhase section */

/* Begin PBXGroup section */
		88035D651FACC01200B2627F /* private */ = {
			isa = PBXGroup;
			children = (
				88035D691FACC02300B2627F /* array.h */,
				88035D671FACC02300B2627F /* casefold.h */,
				88035D6A1FACC02400B2627F /* charwidth.h */,
				88035D661FACC02300B2627F /* combining.h */,
				88035D6C1FACC02400B2627F /* compose.h */,
				88035D681FACC02300B2627F /* decompose.h */,
				88035D6B1FACC02400B2627F /* graphbreak.h */,
			);
			name = private;
			sourceTree = "<group>";
		};
		88351CB51E8DB4CE001DA3A8 = {
			isa = PBXGroup;
			children = (
				884A369F1E8EE42800465CE7 /* lib */,
				88351CC81E8DB5B5001DA3A8 /* src */,
				88351CF41E8DB6A7001DA3A8 /* tests */,
				88351CBF1E8DB4CE001DA3A8 /* Products */,
			);
			sourceTree = "<group>";
		};
		88351CBF1E8DB4CE001DA3A8 /* Products */ = {
			isa = PBXGroup;
			children = (
				88351CBE1E8DB4CE001DA3A8 /* corpus */,
				88EA69D01EAF943600D57BEB /* check_corpus */,
			);
			name = Products;
			sourceTree = "<group>";
		};
		88351CC81E8DB5B5001DA3A8 /* src */ = {
			isa = PBXGroup;
			children = (
				888C91941ECB0C0D008D9EEB /* private */,
				88351CF31E8DB67F001DA3A8 /* unicode */,
				88351CD41E8DB64F001DA3A8 /* array.c */,
				88351CD51E8DB64F001DA3A8 /* array.h */,
				884F5CAB1EBA67ED00DA1C24 /* census.c */,
				884F5CAC1EBA67ED00DA1C24 /* census.h */,
				884A36971E8EE3DF00465CE7 /* data.c */,
				884A36981E8EE3DF00465CE7 /* data.h */,
				88EE9C7E1E9000A400B1FEBA /* datatype.c */,
				88EE9C7F1E9000A400B1FEBA /* datatype.h */,
				88EA69C41EAF923D00D57BEB /* error.c */,
				88EA69C51EAF923D00D57BEB /* error.h */,
				88351CD91E8DB64F001DA3A8 /* filebuf.c */,
				88351CDA1E8DB64F001DA3A8 /* filebuf.h */,
				88548A631ECE62F80063254E /* filter.c */,
				88548A641ECE62F80063254E /* filter.h */,
				882C09151EEB4AF200B90AA2 /* intset.c */,
				882C09161EEB4AF200B90AA2 /* intset.h */,
				884A36991E8EE3DF00465CE7 /* main.c */,
				88B565B81E96D4CE00FC9AEF /* main_get.c */,
				88D5CC6B1EE2199800F9C36A /* main_ngrams.c */,
				88B565B91E96D4CE00FC9AEF /* main_scan.c */,
				88EA69C61EAF923D00D57BEB /* main_sentences.c */,
				88B565BA1E96D4CE00FC9AEF /* main_tokens.c */,
				88E48C9B1EC76E17007F5449 /* memory.c */,
				88E48C9C1EC76E17007F5449 /* memory.h */,
				88341E9E1EE09E2D0054BCCE /* ngram.c */,
				88341E9F1EE09E2D0054BCCE /* ngram.h */,
				88004F8A1EF863D500E48E12 /* search.c */,
				88004F8B1EF863D500E48E12 /* search.h */,
				88CB30DC1EDDA5BB000007DE /* sentfilter.c */,
				88CB30DD1EDDA5BB000007DE /* sentfilter.h */,
				88B565BB1E96D4CE00FC9AEF /* sentscan.c */,
				88B565BC1E96D4CE00FC9AEF /* sentscan.h */,
				8833A7B61F3261F70041B5DE /* stem.c */,
				8833A7B71F3261F70041B5DE /* stem.h */,
				88351CDB1E8DB64F001DA3A8 /* symtab.c */,
				88351CDC1E8DB64F001DA3A8 /* symtab.h */,
				88351CDD1E8DB64F001DA3A8 /* table.c */,
				88351CDE1E8DB64F001DA3A8 /* table.h */,
				88D5CC6D1EE219B300F9C36A /* termset.c */,
				88D5CC6E1EE219B300F9C36A /* termset.h */,
				88548A651ECE62F80063254E /* textset.c */,
				88548A661ECE62F80063254E /* textset.h */,
				88548A6F1ECF5BAA0063254E /* tree.c */,
				88548A701ECF5BAA0063254E /* tree.h */,
				886533631E958CA60089FD91 /* wordscan.c */,
				886533641E958CA60089FD91 /* wordscan.h */,
			);
			name = src;
			sourceTree = "<group>";
		};
		88351CF31E8DB67F001DA3A8 /* unicode */ = {
			isa = PBXGroup;
			children = (
				88351CF01E8DB677001DA3A8 /* casefold.h */,
				88E15BBC1EFAFF30002E61C8 /* charwidth.h */,
				88351CF11E8DB677001DA3A8 /* combining.h */,
				884F5CAA1EBA67D500DA1C24 /* compose.h */,
				88351CF21E8DB677001DA3A8 /* decompose.h */,
				88B565B71E96D4AE00FC9AEF /* sentbreakprop.h */,
				886533661E958CB80089FD91 /* wordbreakprop.h */,
			);
			name = unicode;
			sourceTree = "<group>";
		};
		88351CF41E8DB6A7001DA3A8 /* tests */ = {
			isa = PBXGroup;
			children = (
				884F5CAE1EBA680D00DA1C24 /* check_census.c */,
				88EA69D71EAF945300D57BEB /* check_data.c */,
				881512741ED31D1A00E974F1 /* check_filter.c */,
				882C09191EEB4B0E00B90AA2 /* check_intset.c */,
				88341EA21EE09E440054BCCE /* check_ngram.c */,
				88004F8E1EF8641B00E48E12 /* check_search.c */,
				88CB30E01EDDA5E0000007DE /* check_sentfilter.c */,
				88EA69EB1EAF952D00D57BEB /* check_sentscan.c */,
				8833A7BA1F3262170041B5DE /* check_stem.c */,
				88EA69EC1EAF952D00D57BEB /* check_symtab.c */,
				88F8659A1EE4823400C5BCA6 /* check_termset.c */,
				88548A731ECF5BD90063254E /* check_tree.c */,
				88EA69F01EAF952D00D57BEB /* check_wordscan.c */,
				88351CF61E8DB6BB001DA3A8 /* testutil.c */,
				88351CF71E8DB6BB001DA3A8 /* testutil.h */,
			);
			name = tests;
			sourceTree = "<group>";
		};
		884A369F1E8EE42800465CE7 /* lib */ = {
			isa = PBXGroup;
			children = (
				88FE2B9E1F96B2F700666106 /* utf8lite */,
				88CD841E1EBB7ECD00DF50CB /* libstemmer_c */,
				887D44811EC87CB8001C0E83 /* strntod.c */,
				88EE9C811E9000BB00B1FEBA /* strntoimax.c */,
			);
			name = lib;
			sourceTree = "<group>";
		};
		888C91941ECB0C0D008D9EEB /* private */ = {
			isa = PBXGroup;
			children = (
				888C91951ECB0C28008D9EEB /* stopwords.h */,
			);
			name = private;
			sourceTree = "<group>";
		};
		88CD841E1EBB7ECD00DF50CB /* libstemmer_c */ = {
			isa = PBXGroup;
			children = (
				88CD84221EBB7F2400DF50CB /* include */,
				88CD84211EBB7F0B00DF50CB /* libstemmer */,
				88CD84201EBB7EFF00DF50CB /* runtime */,
				88CD841F1EBB7EF800DF50CB /* src_c */,
			);
			name = libstemmer_c;
			sourceTree = "<group>";
		};
		88CD841F1EBB7EF800DF50CB /* src_c */ = {
			isa = PBXGroup;
			children = (
				88CD842C1EBB7FA000DF50CB /* stem_UTF_8_arabic.c */,
				88CD842D1EBB7FA000DF50CB /* stem_UTF_8_arabic.h */,
				88CD842E1EBB7FA000DF50CB /* stem_UTF_8_danish.c */,
				88CD842F1EBB7FA000DF50CB /* stem_UTF_8_danish.h */,
				88CD84301EBB7FA000DF50CB /* stem_UTF_8_dutch.c */,
				88CD84311EBB7FA000DF50CB /* stem_UTF_8_dutch.h */,
				88CD84321EBB7FA000DF50CB /* stem_UTF_8_english.c */,
				88CD84331EBB7FA000DF50CB /* stem_UTF_8_english.h */,
				88CD84341EBB7FA000DF50CB /* stem_UTF_8_finnish.c */,
				88CD84351EBB7FA000DF50CB /* stem_UTF_8_finnish.h */,
				88CD84361EBB7FA000DF50CB /* stem_UTF_8_french.c */,
				88CD84371EBB7FA000DF50CB /* stem_UTF_8_french.h */,
				88CD84381EBB7FA000DF50CB /* stem_UTF_8_german.c */,
				88CD84391EBB7FA000DF50CB /* stem_UTF_8_german.h */,
				88CD843A1EBB7FA000DF50CB /* stem_UTF_8_hungarian.c */,
				88CD843B1EBB7FA000DF50CB /* stem_UTF_8_hungarian.h */,
				88CD843C1EBB7FA000DF50CB /* stem_UTF_8_italian.c */,
				88CD843D1EBB7FA000DF50CB /* stem_UTF_8_italian.h */,
				88CD843E1EBB7FA000DF50CB /* stem_UTF_8_norwegian.c */,
				88CD843F1EBB7FA000DF50CB /* stem_UTF_8_norwegian.h */,
				88CD84401EBB7FA000DF50CB /* stem_UTF_8_porter.c */,
				88CD84411EBB7FA000DF50CB /* stem_UTF_8_porter.h */,
				88CD84421EBB7FA000DF50CB /* stem_UTF_8_portuguese.c */,
				88CD84431EBB7FA000DF50CB /* stem_UTF_8_portuguese.h */,
				88CD84441EBB7FA000DF50CB /* stem_UTF_8_romanian.c */,
				88CD84451EBB7FA000DF50CB /* stem_UTF_8_romanian.h */,
				88CD84461EBB7FA000DF50CB /* stem_UTF_8_russian.c */,
				88CD84471EBB7FA000DF50CB /* stem_UTF_8_russian.h */,
				88CD84481EBB7FA000DF50CB /* stem_UTF_8_spanish.c */,
				88CD84491EBB7FA000DF50CB /* stem_UTF_8_spanish.h */,
				88CD844A1EBB7FA000DF50CB /* stem_UTF_8_swedish.c */,
				88CD844B1EBB7FA000DF50CB /* stem_UTF_8_swedish.h */,
				88CD844C1EBB7FA000DF50CB /* stem_UTF_8_tamil.c */,
				88CD844D1EBB7FA000DF50CB /* stem_UTF_8_tamil.h */,
				88CD844E1EBB7FA000DF50CB /* stem_UTF_8_turkish.c */,
				88CD844F1EBB7FA000DF50CB /* stem_UTF_8_turkish.h */,
			);
			name = src_c;
			sourceTree = "<group>";
		};
		88CD84201EBB7EFF00DF50CB /* runtime */ = {
			isa = PBXGroup;
			children = (
				88CD84261EBB7F6000DF50CB /* api.c */,
				88CD84271EBB7F6000DF50CB /* api.h */,
				88CD84281EBB7F6000DF50CB /* header.h */,
				88CD84291EBB7F6000DF50CB /* utilities.c */,
			);
			name = runtime;
			sourceTree = "<group>";
		};
		88CD84211EBB7F0B00DF50CB /* libstemmer */ = {
			isa = PBXGroup;
			children = (
				88CD84241EBB7F4A00DF50CB /* libstemmer_utf8.c */,
				88CD84771EBB800200DF50CB /* modules_utf8.h */,
			);
			name = libstemmer;
			sourceTree = "<group>";
		};
		88CD84221EBB7F2400DF50CB /* include */ = {
			isa = PBXGroup;
			children = (
				88CD84231EBB7F3300DF50CB /* libstemmer.h */,
			);
			name = include;
			sourceTree = "<group>";
		};
		88FE2B9E1F96B2F700666106 /* utf8lite */ = {
			isa = PBXGroup;
			children = (
				88FE2B9F1F96B30100666106 /* src */,
			);
			name = utf8lite;
			sourceTree = "<group>";
		};
		88FE2B9F1F96B30100666106 /* src */ = {
			isa = PBXGroup;
			children = (
				88035D651FACC01200B2627F /* private */,
				88035D491FACBFF900B2627F /* array.c */,
				88035D3D1FACBFF800B2627F /* char.c */,
				88035D441FACBFF900B2627F /* encode.c */,
				88035D411FACBFF800B2627F /* error.c */,
				88035D421FACBFF800B2627F /* escape.c */,
				88035D471FACBFF900B2627F /* graph.c */,
				88035D461FACBFF900B2627F /* graphscan.c */,
				88035D3E1FACBFF800B2627F /* normalize.c */,
				88035D451FACBFF900B2627F /* render.c */,
				88035D3F1FACBFF800B2627F /* text.c */,
				88035D481FACBFF900B2627F /* textassign.c */,
				88035D401FACBFF800B2627F /* textiter.c */,
				88035D431FACBFF800B2627F /* textmap.c */,
				88035D4A1FACBFF900B2627F /* utf8lite.h */,
			);
			name = src;
			sourceTree = "<group>";
		};
/* End PBXGroup section */

/* Begin PBXNativeTarget section */
		88351CBD1E8DB4CE001DA3A8 /* corpus */ = {
			isa = PBXNativeTarget;
			buildConfigurationList = 88351CC51E8DB4CE001DA3A8 /* Build configuration list for PBXNativeTarget "corpus" */;
			buildPhases = (
				88351CBA1E8DB4CE001DA3A8 /* Sources */,
				88351CBB1E8DB4CE001DA3A8 /* Frameworks */,
				88351CBC1E8DB4CE001DA3A8 /* CopyFiles */,
			);
			buildRules = (
			);
			dependencies = (
			);
			name = corpus;
			productName = corpus;
			productReference = 88351CBE1E8DB4CE001DA3A8 /* corpus */;
			productType = "com.apple.product-type.tool";
		};
		88EA69CF1EAF943600D57BEB /* check_corpus */ = {
			isa = PBXNativeTarget;
			buildConfigurationList = 88EA69D41EAF943600D57BEB /* Build configuration list for PBXNativeTarget "check_corpus" */;
			buildPhases = (
				88EA69CC1EAF943600D57BEB /* Sources */,
				88EA69CD1EAF943600D57BEB /* Frameworks */,
				88EA69CE1EAF943600D57BEB /* CopyFiles */,
			);
			buildRules = (
			);
			dependencies = (
			);
			name = check_corpus;
			productName = check_corpus;
			productReference = 88EA69D01EAF943600D57BEB /* check_corpus */;
			productType = "com.apple.product-type.tool";
		};
/* End PBXNativeTarget section */

/* Begin PBXProject section */
		88351CB61E8DB4CE001DA3A8 /* Project object */ = {
			isa = PBXProject;
			attributes = {
				LastUpgradeCheck = 0900;
				ORGANIZATIONNAME = "Patrick Perry";
				TargetAttributes = {
					88351CBD1E8DB4CE001DA3A8 = {
						CreatedOnToolsVersion = 8.3;
						ProvisioningStyle = Automatic;
					};
					88EA69CF1EAF943600D57BEB = {
						CreatedOnToolsVersion = 8.3.2;
						ProvisioningStyle = Automatic;
					};
				};
			};
			buildConfigurationList = 88351CB91E8DB4CE001DA3A8 /* Build configuration list for PBXProject "corpus" */;
			compatibilityVersion = "Xcode 3.2";
			developmentRegion = English;
			hasScannedForEncodings = 0;
			knownRegions = (
				en,
			);
			mainGroup = 88351CB51E8DB4CE001DA3A8;
			productRefGroup = 88351CBF1E8DB4CE001DA3A8 /* Products */;
			projectDirPath = "";
			projectRoot = "";
			targets = (
				88351CBD1E8DB4CE001DA3A8 /* corpus */,
				88EA69CF1EAF943600D57BEB /* check_corpus */,
			);
		};
/* End PBXProject section */

/* Begin PBXSourcesBuildPhase section */
		88351CBA1E8DB4CE001DA3A8 /* Sources */ = {
			isa = PBXSourcesBuildPhase;
			buildActionMask = 2147483647;
			files = (
				8833A7B81F3261F70041B5DE /* stem.c in Sources */,
				88CD84611EBB7FA000DF50CB /* stem_UTF_8_turkish.c in Sources */,
				88CD842A1EBB7F6000DF50CB /* api.c in Sources */,
				88035D561FACBFF900B2627F /* textassign.c in Sources */,
				88EA69C91EAF923D00D57BEB /* error.c in Sources */,
				88004F8C1EF863D500E48E12 /* search.c in Sources */,
				88CD84511EBB7FA000DF50CB /* stem_UTF_8_danish.c in Sources */,
				88CD84551EBB7FA000DF50CB /* stem_UTF_8_french.c in Sources */,
				88CD845F1EBB7FA000DF50CB /* stem_UTF_8_swedish.c in Sources */,
				88CD84541EBB7FA000DF50CB /* stem_UTF_8_finnish.c in Sources */,
				884A369D1E8EE3DF00465CE7 /* main.c in Sources */,
				88B565BD1E96D4CE00FC9AEF /* main_get.c in Sources */,
				88B565C01E96D4CE00FC9AEF /* sentscan.c in Sources */,
				88CD845E1EBB7FA000DF50CB /* stem_UTF_8_spanish.c in Sources */,
				88B565BF1E96D4CE00FC9AEF /* main_tokens.c in Sources */,
				88351CEB1E8DB64F001DA3A8 /* table.c in Sources */,
				88CD84251EBB7F4A00DF50CB /* libstemmer_utf8.c in Sources */,
				88CD845A1EBB7FA000DF50CB /* stem_UTF_8_porter.c in Sources */,
				88351CEA1E8DB64F001DA3A8 /* symtab.c in Sources */,
				88CD84591EBB7FA000DF50CB /* stem_UTF_8_norwegian.c in Sources */,
				88CD84521EBB7FA000DF50CB /* stem_UTF_8_dutch.c in Sources */,
				88548A6A1ECE62F80063254E /* textset.c in Sources */,
				88B565BE1E96D4CE00FC9AEF /* main_scan.c in Sources */,
				88CD845D1EBB7FA000DF50CB /* stem_UTF_8_russian.c in Sources */,
				88CD84581EBB7FA000DF50CB /* stem_UTF_8_italian.c in Sources */,
				886533651E958CA60089FD91 /* wordscan.c in Sources */,
				88035D571FACBFF900B2627F /* array.c in Sources */,
				88035D531FACBFF900B2627F /* render.c in Sources */,
				88548A691ECE62F80063254E /* filter.c in Sources */,
				88CD842B1EBB7F6000DF50CB /* utilities.c in Sources */,
				88035D551FACBFF900B2627F /* graph.c in Sources */,
				88CD84601EBB7FA000DF50CB /* stem_UTF_8_tamil.c in Sources */,
				88D5CC6F1EE219B400F9C36A /* termset.c in Sources */,
				88351CE71E8DB64F001DA3A8 /* array.c in Sources */,
				88548A711ECF5BAA0063254E /* tree.c in Sources */,
				88035D521FACBFF900B2627F /* encode.c in Sources */,
				88035D541FACBFF900B2627F /* graphscan.c in Sources */,
				88D5CC6C1EE2199800F9C36A /* main_ngrams.c in Sources */,
				88CD845B1EBB7FA000DF50CB /* stem_UTF_8_portuguese.c in Sources */,
				88035D4F1FACBFF900B2627F /* error.c in Sources */,
				88035D501FACBFF900B2627F /* escape.c in Sources */,
				88EA69CA1EAF923D00D57BEB /* main_sentences.c in Sources */,
				88EE9C821E9000BB00B1FEBA /* strntoimax.c in Sources */,
				88E48C9D1EC76E17007F5449 /* memory.c in Sources */,
				88CB30DE1EDDA5BB000007DE /* sentfilter.c in Sources */,
				884F5CAD1EBA67EE00DA1C24 /* census.c in Sources */,
				88035D4D1FACBFF900B2627F /* text.c in Sources */,
				88CD84531EBB7FA000DF50CB /* stem_UTF_8_english.c in Sources */,
				88CD84501EBB7FA000DF50CB /* stem_UTF_8_arabic.c in Sources */,
				88CD84571EBB7FA000DF50CB /* stem_UTF_8_hungarian.c in Sources */,
				88CD84561EBB7FA000DF50CB /* stem_UTF_8_german.c in Sources */,
				88351CE91E8DB64F001DA3A8 /* filebuf.c in Sources */,
				88035D4E1FACBFF900B2627F /* textiter.c in Sources */,
				88035D4B1FACBFF900B2627F /* char.c in Sources */,
				884A369C1E8EE3DF00465CE7 /* data.c in Sources */,
				88035D4C1FACBFF900B2627F /* normalize.c in Sources */,
				88CD845C1EBB7FA000DF50CB /* stem_UTF_8_romanian.c in Sources */,
				88035D511FACBFF900B2627F /* textmap.c in Sources */,
				88341EA01EE09E2D0054BCCE /* ngram.c in Sources */,
				88EE9C801E9000A400B1FEBA /* datatype.c in Sources */,
				887D44821EC87CB8001C0E83 /* strntod.c in Sources */,
			);
			runOnlyForDeploymentPostprocessing = 0;
		};
		88EA69CC1EAF943600D57BEB /* Sources */ = {
			isa = PBXSourcesBuildPhase;
			buildActionMask = 2147483647;
			files = (
				88035D611FACBFFE00B2627F /* text.c in Sources */,
				88035D581FACBFFE00B2627F /* array.c in Sources */,
				88CD84661EBB7FCA00DF50CB /* stem_UTF_8_danish.c in Sources */,
				88CD84671EBB7FCA00DF50CB /* stem_UTF_8_dutch.c in Sources */,
				88035D621FACBFFE00B2627F /* textassign.c in Sources */,
				88548A6D1ECE63010063254E /* textset.c in Sources */,
				88EA69E21EAF94DE00D57BEB /* table.c in Sources */,
				88035D591FACBFFE00B2627F /* char.c in Sources */,
				88035D5B1FACBFFE00B2627F /* error.c in Sources */,
				88CD84761EBB7FCA00DF50CB /* stem_UTF_8_turkish.c in Sources */,
				88CD846E1EBB7FCA00DF50CB /* stem_UTF_8_norwegian.c in Sources */,
				88CD84741EBB7FCA00DF50CB /* stem_UTF_8_swedish.c in Sources */,
				88D5CC701EE219C700F9C36A /* termset.c in Sources */,
				88CD84681EBB7FCA00DF50CB /* stem_UTF_8_english.c in Sources */,
				88CD84621EBB7FAD00DF50CB /* libstemmer_utf8.c in Sources */,
				88CD846F1EBB7FCA00DF50CB /* stem_UTF_8_porter.c in Sources */,
				88035D5A1FACBFFE00B2627F /* encode.c in Sources */,
				88548A6C1ECE62FC0063254E /* filter.c in Sources */,
				88CD846D1EBB7FCA00DF50CB /* stem_UTF_8_italian.c in Sources */,
				8833A7B91F3262070041B5DE /* stem.c in Sources */,
				88004F8D1EF863DA00E48E12 /* search.c in Sources */,
				88CD84711EBB7FCA00DF50CB /* stem_UTF_8_romanian.c in Sources */,
				88548A721ECF5BBE0063254E /* tree.c in Sources */,
				88EA69E61EAF94DE00D57BEB /* wordscan.c in Sources */,
				88CD846C1EBB7FCA00DF50CB /* stem_UTF_8_hungarian.c in Sources */,
				886D7CCE1ED32C5E00566B7B /* census.c in Sources */,
				88035D6D1FACC06000B2627F /* check_filter.c in Sources */,
				88EA69E01EAF94DE00D57BEB /* sentscan.c in Sources */,
				88EA69DA1EAF94C200D57BEB /* array.c in Sources */,
				887D44831EC87CC2001C0E83 /* strntod.c in Sources */,
				88CD84641EBB7FB400DF50CB /* utilities.c in Sources */,
				88CD846B1EBB7FCA00DF50CB /* stem_UTF_8_german.c in Sources */,
				88EA69E81EAF94E400D57BEB /* testutil.c in Sources */,
				88EA69E11EAF94DE00D57BEB /* symtab.c in Sources */,
				88EA69DB1EAF94C500D57BEB /* data.c in Sources */,
				88548A781ECF5CDF0063254E /* memory.c in Sources */,
				88EA69DE1EAF94D300D57BEB /* filebuf.c in Sources */,
				88CD84651EBB7FCA00DF50CB /* stem_UTF_8_arabic.c in Sources */,
				88CD84701EBB7FCA00DF50CB /* stem_UTF_8_portuguese.c in Sources */,
				88EA69EA1EAF94F500D57BEB /* strntoimax.c in Sources */,
				88EA69DC1EAF94C900D57BEB /* datatype.c in Sources */,
				88CD84731EBB7FCA00DF50CB /* stem_UTF_8_spanish.c in Sources */,
				88CB30DF1EDDA5CE000007DE /* sentfilter.c in Sources */,
				88EA69DD1EAF94CC00D57BEB /* error.c in Sources */,
				88035D5E1FACBFFE00B2627F /* graphscan.c in Sources */,
				88035D631FACBFFE00B2627F /* textiter.c in Sources */,
				88CD84721EBB7FCA00DF50CB /* stem_UTF_8_russian.c in Sources */,
				88035D5D1FACBFFE00B2627F /* graph.c in Sources */,
				88035D5C1FACBFFE00B2627F /* escape.c in Sources */,
				88035D5F1FACBFFE00B2627F /* normalize.c in Sources */,
				88CD84631EBB7FB000DF50CB /* api.c in Sources */,
				88CD84751EBB7FCA00DF50CB /* stem_UTF_8_tamil.c in Sources */,
				88035D641FACBFFE00B2627F /* textmap.c in Sources */,
				88CD846A1EBB7FCA00DF50CB /* stem_UTF_8_french.c in Sources */,
				88035D601FACBFFE00B2627F /* render.c in Sources */,
				88CD84691EBB7FCA00DF50CB /* stem_UTF_8_finnish.c in Sources */,
			);
			runOnlyForDeploymentPostprocessing = 0;
		};
/* End PBXSourcesBuildPhase section */

/* Begin XCBuildConfiguration section */
		88351CC31E8DB4CE001DA3A8 /* Debug */ = {
			isa = XCBuildConfiguration;
			buildSettings = {
				ALWAYS_SEARCH_USER_PATHS = NO;
				CLANG_ANALYZER_NONNULL = YES;
				CLANG_ANALYZER_NUMBER_OBJECT_CONVERSION = YES_AGGRESSIVE;
				CLANG_CXX_LANGUAGE_STANDARD = "gnu++0x";
				CLANG_CXX_LIBRARY = "libc++";
				CLANG_ENABLE_MODULES = YES;
				CLANG_ENABLE_OBJC_ARC = YES;
				CLANG_WARN_BLOCK_CAPTURE_AUTORELEASING = YES;
				CLANG_WARN_BOOL_CONVERSION = YES;
				CLANG_WARN_COMMA = YES;
				CLANG_WARN_CONSTANT_CONVERSION = YES;
				CLANG_WARN_DIRECT_OBJC_ISA_USAGE = YES_ERROR;
				CLANG_WARN_DOCUMENTATION_COMMENTS = YES;
				CLANG_WARN_EMPTY_BODY = YES;
				CLANG_WARN_ENUM_CONVERSION = YES;
				CLANG_WARN_INFINITE_RECURSION = YES;
				CLANG_WARN_INT_CONVERSION = YES;
				CLANG_WARN_NON_LITERAL_NULL_CONVERSION = YES;
				CLANG_WARN_OBJC_LITERAL_CONVERSION = YES;
				CLANG_WARN_OBJC_ROOT_CLASS = YES_ERROR;
				CLANG_WARN_RANGE_LOOP_ANALYSIS = YES;
				CLANG_WARN_STRICT_PROTOTYPES = YES;
				CLANG_WARN_SUSPICIOUS_MOVE = YES;
				CLANG_WARN_UNREACHABLE_CODE = YES;
				CLANG_WARN__DUPLICATE_METHOD_MATCH = YES;
				CODE_SIGN_IDENTITY = "-";
				COPY_PHASE_STRIP = NO;
				DEBUG_INFORMATION_FORMAT = dwarf;
				ENABLE_STRICT_OBJC_MSGSEND = YES;
				ENABLE_TESTABILITY = YES;
				GCC_C_LANGUAGE_STANDARD = gnu99;
				GCC_DYNAMIC_NO_PIC = NO;
				GCC_NO_COMMON_BLOCKS = YES;
				GCC_OPTIMIZATION_LEVEL = 0;
				GCC_PREPROCESSOR_DEFINITIONS = (
					"DEBUG=1",
					"$(inherited)",
				);
				GCC_WARN_64_TO_32_BIT_CONVERSION = YES;
				GCC_WARN_ABOUT_RETURN_TYPE = YES_ERROR;
				GCC_WARN_UNDECLARED_SELECTOR = YES;
				GCC_WARN_UNINITIALIZED_AUTOS = YES_AGGRESSIVE;
				GCC_WARN_UNUSED_FUNCTION = YES;
				GCC_WARN_UNUSED_VARIABLE = YES;
				MACOSX_DEPLOYMENT_TARGET = 10.12;
				MTL_ENABLE_DEBUG_INFO = YES;
				ONLY_ACTIVE_ARCH = YES;
				SDKROOT = macosx;
			};
			name = Debug;
		};
		88351CC41E8DB4CE001DA3A8 /* Release */ = {
			isa = XCBuildConfiguration;
			buildSettings = {
				ALWAYS_SEARCH_USER_PATHS = NO;
				CLANG_ANALYZER_NONNULL = YES;
				CLANG_ANALYZER_NUMBER_OBJECT_CONVERSION = YES_AGGRESSIVE;
				CLANG_CXX_LANGUAGE_STANDARD = "gnu++0x";
				CLANG_CXX_LIBRARY = "libc++";
				CLANG_ENABLE_MODULES = YES;
				CLANG_ENABLE_OBJC_ARC = YES;
				CLANG_WARN_BLOCK_CAPTURE_AUTORELEASING = YES;
				CLANG_WARN_BOOL_CONVERSION = YES;
				CLANG_WARN_COMMA = YES;
				CLANG_WARN_CONSTANT_CONVERSION = YES;
				CLANG_WARN_DIRECT_OBJC_ISA_USAGE = YES_ERROR;
				CLANG_WARN_DOCUMENTATION_COMMENTS = YES;
				CLANG_WARN_EMPTY_BODY = YES;
				CLANG_WARN_ENUM_CONVERSION = YES;
				CLANG_WARN_INFINITE_RECURSION = YES;
				CLANG_WARN_INT_CONVERSION = YES;
				CLANG_WARN_NON_LITERAL_NULL_CONVERSION = YES;
				CLANG_WARN_OBJC_LITERAL_CONVERSION = YES;
				CLANG_WARN_OBJC_ROOT_CLASS = YES_ERROR;
				CLANG_WARN_RANGE_LOOP_ANALYSIS = YES;
				CLANG_WARN_STRICT_PROTOTYPES = YES;
				CLANG_WARN_SUSPICIOUS_MOVE = YES;
				CLANG_WARN_UNREACHABLE_CODE = YES;
				CLANG_WARN__DUPLICATE_METHOD_MATCH = YES;
				CODE_SIGN_IDENTITY = "-";
				COPY_PHASE_STRIP = NO;
				DEBUG_INFORMATION_FORMAT = "dwarf-with-dsym";
				ENABLE_NS_ASSERTIONS = NO;
				ENABLE_STRICT_OBJC_MSGSEND = YES;
				GCC_C_LANGUAGE_STANDARD = gnu99;
				GCC_NO_COMMON_BLOCKS = YES;
				GCC_WARN_64_TO_32_BIT_CONVERSION = YES;
				GCC_WARN_ABOUT_RETURN_TYPE = YES_ERROR;
				GCC_WARN_UNDECLARED_SELECTOR = YES;
				GCC_WARN_UNINITIALIZED_AUTOS = YES_AGGRESSIVE;
				GCC_WARN_UNUSED_FUNCTION = YES;
				GCC_WARN_UNUSED_VARIABLE = YES;
				MACOSX_DEPLOYMENT_TARGET = 10.12;
				MTL_ENABLE_DEBUG_INFO = NO;
				SDKROOT = macosx;
			};
			name = Release;
		};
		88351CC61E8DB4CE001DA3A8 /* Debug */ = {
			isa = XCBuildConfiguration;
			buildSettings = {
				PRODUCT_NAME = "$(TARGET_NAME)";
			};
			name = Debug;
		};
		88351CC71E8DB4CE001DA3A8 /* Release */ = {
			isa = XCBuildConfiguration;
			buildSettings = {
				PRODUCT_NAME = "$(TARGET_NAME)";
			};
			name = Release;
		};
		88EA69D51EAF943600D57BEB /* Debug */ = {
			isa = XCBuildConfiguration;
			buildSettings = {
				CLANG_ENABLE_MODULES = NO;
				OTHER_CFLAGS = (
					"-D_THREAD_SAFE",
					"-I/usr/local/Cellar/check/0.12.0/include",
				);
				OTHER_LDFLAGS = (
					"-L/usr/local/Cellar/check/0.12.0/lib",
					"-lcheck",
				);
				PRODUCT_NAME = "$(TARGET_NAME)";
			};
			name = Debug;
		};
		88EA69D61EAF943600D57BEB /* Release */ = {
			isa = XCBuildConfiguration;
			buildSettings = {
				CLANG_ENABLE_MODULES = NO;
				OTHER_CFLAGS = (
					"-D_THREAD_SAFE",
					"-I/usr/local/Cellar/check/0.12.0/include",
				);
				OTHER_LDFLAGS = (
					"-L/usr/local/Cellar/check/0.12.0/lib",
					"-lcheck",
				);
				PRODUCT_NAME = "$(TARGET_NAME)";
			};
			name = Release;
		};
/* End XCBuildConfiguration section */

/* Begin XCConfigurationList section */
		88351CB91E8DB4CE001DA3A8 /* Build configuration list for PBXProject "corpus" */ = {
			isa = XCConfigurationList;
			buildConfigurations = (
				88351CC31E8DB4CE001DA3A8 /* Debug */,
				88351CC41E8DB4CE001DA3A8 /* Release */,
			);
			defaultConfigurationIsVisible = 0;
			defaultConfigurationName = Release;
		};
		88351CC51E8DB4CE001DA3A8 /* Build configuration list for PBXNativeTarget "corpus" */ = {
			isa = XCConfigurationList;
			buildConfigurations = (
				88351CC61E8DB4CE001DA3A8 /* Debug */,
				88351CC71E8DB4CE001DA3A8 /* Release */,
			);
			defaultConfigurationIsVisible = 0;
			defaultConfigurationName = Release;
		};
		88EA69D41EAF943600D57BEB /* Build configuration list for PBXNativeTarget "check_corpus" */ = {
			isa = XCConfigurationList;
			buildConfigurations = (
				88EA69D51EAF943600D57BEB /* Debug */,
				88EA69D61EAF943600D57BEB /* Release */,
			);
			defaultConfigurationIsVisible = 0;
			defaultConfigurationName = Release;
		};
/* End XCConfigurationList section */
	};
	rootObject = 88351CB61E8DB4CE001DA3A8 /* Project object */;
}
